// !$*UTF8*$!
{
	archiveVersion = 1;
	classes = {
	};
	objectVersion = 46;
	objects = {

/* Begin PBXBuildFile section */
		5FB932A215D1942C007210D5 /* UIKit.framework in Frameworks */ = {isa = PBXBuildFile; fileRef = 5FB932A115D1942C007210D5 /* UIKit.framework */; };
		5FB932A415D1942C007210D5 /* Foundation.framework in Frameworks */ = {isa = PBXBuildFile; fileRef = 5FB932A315D1942C007210D5 /* Foundation.framework */; };
		5FB932A615D1942C007210D5 /* CoreGraphics.framework in Frameworks */ = {isa = PBXBuildFile; fileRef = 5FB932A515D1942C007210D5 /* CoreGraphics.framework */; };
		5FB932AC15D1942C007210D5 /* InfoPlist.strings in Resources */ = {isa = PBXBuildFile; fileRef = 5FB932AA15D1942C007210D5 /* InfoPlist.strings */; };
		5FB932AE15D1942C007210D5 /* main.m in Sources */ = {isa = PBXBuildFile; fileRef = 5FB932AD15D1942C007210D5 /* main.m */; };
		5FB932B215D1942C007210D5 /* AppDelegate.m in Sources */ = {isa = PBXBuildFile; fileRef = 5FB932B115D1942C007210D5 /* AppDelegate.m */; };
		5FB932B515D1942C007210D5 /* MainStoryboard.storyboard in Resources */ = {isa = PBXBuildFile; fileRef = 5FB932B315D1942C007210D5 /* MainStoryboard.storyboard */; };
		5FB932B815D1942C007210D5 /* ViewController.m in Sources */ = {isa = PBXBuildFile; fileRef = 5FB932B715D1942C007210D5 /* ViewController.m */; };
		5FB932C015D1942C007210D5 /* SenTestingKit.framework in Frameworks */ = {isa = PBXBuildFile; fileRef = 5FB932BF15D1942C007210D5 /* SenTestingKit.framework */; };
		5FB932C115D1942C007210D5 /* UIKit.framework in Frameworks */ = {isa = PBXBuildFile; fileRef = 5FB932A115D1942C007210D5 /* UIKit.framework */; };
		5FB932C215D1942C007210D5 /* Foundation.framework in Frameworks */ = {isa = PBXBuildFile; fileRef = 5FB932A315D1942C007210D5 /* Foundation.framework */; };
		5FB932CA15D1942C007210D5 /* InfoPlist.strings in Resources */ = {isa = PBXBuildFile; fileRef = 5FB932C815D1942C007210D5 /* InfoPlist.strings */; };
		5FB932CD15D1942C007210D5 /* WEBPOSTTests.m in Sources */ = {isa = PBXBuildFile; fileRef = 5FB932CC15D1942C007210D5 /* WEBPOSTTests.m */; };
/* End PBXBuildFile section */

/* Begin PBXContainerItemProxy section */
		5FB932C315D1942C007210D5 /* PBXContainerItemProxy */ = {
			isa = PBXContainerItemProxy;
			containerPortal = 5FB9329415D1942C007210D5 /* Project object */;
			proxyType = 1;
			remoteGlobalIDString = 5FB9329C15D1942C007210D5;
			remoteInfo = WEBPOST;
		};
/* End PBXContainerItemProxy section */

/* Begin PBXFileReference section */
		5FB9329D15D1942C007210D5 /* WEBPOST.app */ = {isa = PBXFileReference; explicitFileType = wrapper.application; includeInIndex = 0; path = WEBPOST.app; sourceTree = BUILT_PRODUCTS_DIR; };
		5FB932A115D1942C007210D5 /* UIKit.framework */ = {isa = PBXFileReference; lastKnownFileType = wrapper.framework; name = UIKit.framework; path = System/Library/Frameworks/UIKit.framework; sourceTree = SDKROOT; };
		5FB932A315D1942C007210D5 /* Foundation.framework */ = {isa = PBXFileReference; lastKnownFileType = wrapper.framework; name = Foundation.framework; path = System/Library/Frameworks/Foundation.framework; sourceTree = SDKROOT; };
		5FB932A515D1942C007210D5 /* CoreGraphics.framework */ = {isa = PBXFileReference; lastKnownFileType = wrapper.framework; name = CoreGraphics.framework; path = System/Library/Frameworks/CoreGraphics.framework; sourceTree = SDKROOT; };
		5FB932A915D1942C007210D5 /* WEBPOST-Info.plist */ = {isa = PBXFileReference; lastKnownFileType = text.plist.xml; path = "WEBPOST-Info.plist"; sourceTree = "<group>"; };
		5FB932AB15D1942C007210D5 /* en */ = {isa = PBXFileReference; lastKnownFileType = text.plist.strings; name = en; path = en.lproj/InfoPlist.strings; sourceTree = "<group>"; };
		5FB932AD15D1942C007210D5 /* main.m */ = {isa = PBXFileReference; lastKnownFileType = sourcecode.c.objc; path = main.m; sourceTree = "<group>"; };
		5FB932AF15D1942C007210D5 /* WEBPOST-Prefix.pch */ = {isa = PBXFileReference; lastKnownFileType = sourcecode.c.h; path = "WEBPOST-Prefix.pch"; sourceTree = "<group>"; };
		5FB932B015D1942C007210D5 /* AppDelegate.h */ = {isa = PBXFileReference; lastKnownFileType = sourcecode.c.h; path = AppDelegate.h; sourceTree = "<group>"; };
		5FB932B115D1942C007210D5 /* AppDelegate.m */ = {isa = PBXFileReference; lastKnownFileType = sourcecode.c.objc; path = AppDelegate.m; sourceTree = "<group>"; };
		5FB932B415D1942C007210D5 /* en */ = {isa = PBXFileReference; lastKnownFileType = file.storyboard; name = en; path = en.lproj/MainStoryboard.storyboard; sourceTree = "<group>"; };
		5FB932B615D1942C007210D5 /* ViewController.h */ = {isa = PBXFileReference; lastKnownFileType = sourcecode.c.h; path = ViewController.h; sourceTree = "<group>"; };
		5FB932B715D1942C007210D5 /* ViewController.m */ = {isa = PBXFileReference; lastKnownFileType = sourcecode.c.objc; path = ViewController.m; sourceTree = "<group>"; };
		5FB932BE15D1942C007210D5 /* WEBPOSTTests.octest */ = {isa = PBXFileReference; explicitFileType = wrapper.cfbundle; includeInIndex = 0; path = WEBPOSTTests.octest; sourceTree = BUILT_PRODUCTS_DIR; };
		5FB932BF15D1942C007210D5 /* SenTestingKit.framework */ = {isa = PBXFileReference; lastKnownFileType = wrapper.framework; name = SenTestingKit.framework; path = Library/Frameworks/SenTestingKit.framework; sourceTree = DEVELOPER_DIR; };
		5FB932C715D1942C007210D5 /* WEBPOSTTests-Info.plist */ = {isa = PBXFileReference; lastKnownFileType = text.plist.xml; path = "WEBPOSTTests-Info.plist"; sourceTree = "<group>"; };
		5FB932C915D1942C007210D5 /* en */ = {isa = PBXFileReference; lastKnownFileType = text.plist.strings; name = en; path = en.lproj/InfoPlist.strings; sourceTree = "<group>"; };
		5FB932CB15D1942C007210D5 /* WEBPOSTTests.h */ = {isa = PBXFileReference; lastKnownFileType = sourcecode.c.h; path = WEBPOSTTests.h; sourceTree = "<group>"; };
		5FB932CC15D1942C007210D5 /* WEBPOSTTests.m */ = {isa = PBXFileReference; lastKnownFileType = sourcecode.c.objc; path = WEBPOSTTests.m; sourceTree = "<group>"; };
/* End PBXFileReference section */

/* Begin PBXFrameworksBuildPhase section */
		5FB9329A15D1942C007210D5 /* Frameworks */ = {
			isa = PBXFrameworksBuildPhase;
			buildActionMask = 2147483647;
			files = (
				5FB932A215D1942C007210D5 /* UIKit.framework in Frameworks */,
				5FB932A415D1942C007210D5 /* Foundation.framework in Frameworks */,
				5FB932A615D1942C007210D5 /* CoreGraphics.framework in Frameworks */,
			);
			runOnlyForDeploymentPostprocessing = 0;
		};
		5FB932BA15D1942C007210D5 /* Frameworks */ = {
			isa = PBXFrameworksBuildPhase;
			buildActionMask = 2147483647;
			files = (
				5FB932C015D1942C007210D5 /* SenTestingKit.framework in Frameworks */,
				5FB932C115D1942C007210D5 /* UIKit.framework in Frameworks */,
				5FB932C215D1942C007210D5 /* Foundation.framework in Frameworks */,
			);
			runOnlyForDeploymentPostprocessing = 0;
		};
/* End PBXFrameworksBuildPhase section */

/* Begin PBXGroup section */
		5FB9329215D1942C007210D5 = {
			isa = PBXGroup;
			children = (
				5FB932A715D1942C007210D5 /* WEBPOST */,
				5FB932C515D1942C007210D5 /* WEBPOSTTests */,
				5FB932A015D1942C007210D5 /* Frameworks */,
				5FB9329E15D1942C007210D5 /* Products */,
			);
			sourceTree = "<group>";
		};
		5FB9329E15D1942C007210D5 /* Products */ = {
			isa = PBXGroup;
			children = (
				5FB9329D15D1942C007210D5 /* WEBPOST.app */,
				5FB932BE15D1942C007210D5 /* WEBPOSTTests.octest */,
			);
			name = Products;
			sourceTree = "<group>";
		};
		5FB932A015D1942C007210D5 /* Frameworks */ = {
			isa = PBXGroup;
			children = (
				5FB932A115D1942C007210D5 /* UIKit.framework */,
				5FB932A315D1942C007210D5 /* Foundation.framework */,
				5FB932A515D1942C007210D5 /* CoreGraphics.framework */,
				5FB932BF15D1942C007210D5 /* SenTestingKit.framework */,
			);
			name = Frameworks;
			sourceTree = "<group>";
		};
		5FB932A715D1942C007210D5 /* WEBPOST */ = {
			isa = PBXGroup;
			children = (
				5FB932B015D1942C007210D5 /* AppDelegate.h */,
				5FB932B115D1942C007210D5 /* AppDelegate.m */,
				5FB932B315D1942C007210D5 /* MainStoryboard.storyboard */,
				5FB932B615D1942C007210D5 /* ViewController.h */,
				5FB932B715D1942C007210D5 /* ViewController.m */,
				5FB932A815D1942C007210D5 /* Supporting Files */,
			);
			path = WEBPOST;
			sourceTree = "<group>";
		};
		5FB932A815D1942C007210D5 /* Supporting Files */ = {
			isa = PBXGroup;
			children = (
				5FB932A915D1942C007210D5 /* WEBPOST-Info.plist */,
				5FB932AA15D1942C007210D5 /* InfoPlist.strings */,
				5FB932AD15D1942C007210D5 /* main.m */,
				5FB932AF15D1942C007210D5 /* WEBPOST-Prefix.pch */,
			);
			name = "Supporting Files";
			sourceTree = "<group>";
		};
		5FB932C515D1942C007210D5 /* WEBPOSTTests */ = {
			isa = PBXGroup;
			children = (
				5FB932CB15D1942C007210D5 /* WEBPOSTTests.h */,
				5FB932CC15D1942C007210D5 /* WEBPOSTTests.m */,
				5FB932C615D1942C007210D5 /* Supporting Files */,
			);
			path = WEBPOSTTests;
			sourceTree = "<group>";
		};
		5FB932C615D1942C007210D5 /* Supporting Files */ = {
			isa = PBXGroup;
			children = (
				5FB932C715D1942C007210D5 /* WEBPOSTTests-Info.plist */,
				5FB932C815D1942C007210D5 /* InfoPlist.strings */,
			);
			name = "Supporting Files";
			sourceTree = "<group>";
		};
/* End PBXGroup section */

/* Begin PBXNativeTarget section */
		5FB9329C15D1942C007210D5 /* WEBPOST */ = {
			isa = PBXNativeTarget;
			buildConfigurationList = 5FB932D015D1942C007210D5 /* Build configuration list for PBXNativeTarget "WEBPOST" */;
			buildPhases = (
				5FB9329915D1942C007210D5 /* Sources */,
				5FB9329A15D1942C007210D5 /* Frameworks */,
				5FB9329B15D1942C007210D5 /* Resources */,
			);
			buildRules = (
			);
			dependencies = (
			);
			name = WEBPOST;
			productName = WEBPOST;
			productReference = 5FB9329D15D1942C007210D5 /* WEBPOST.app */;
			productType = "com.apple.product-type.application";
		};
		5FB932BD15D1942C007210D5 /* WEBPOSTTests */ = {
			isa = PBXNativeTarget;
			buildConfigurationList = 5FB932D315D1942C007210D5 /* Build configuration list for PBXNativeTarget "WEBPOSTTests" */;
			buildPhases = (
				5FB932B915D1942C007210D5 /* Sources */,
				5FB932BA15D1942C007210D5 /* Frameworks */,
				5FB932BB15D1942C007210D5 /* Resources */,
				5FB932BC15D1942C007210D5 /* ShellScript */,
			);
			buildRules = (
			);
			dependencies = (
				5FB932C415D1942C007210D5 /* PBXTargetDependency */,
			);
			name = WEBPOSTTests;
			productName = WEBPOSTTests;
			productReference = 5FB932BE15D1942C007210D5 /* WEBPOSTTests.octest */;
			productType = "com.apple.product-type.bundle";
		};
/* End PBXNativeTarget section */

/* Begin PBXProject section */
		5FB9329415D1942C007210D5 /* Project object */ = {
			isa = PBXProject;
			attributes = {
				LastUpgradeCheck = 0440;
				ORGANIZATIONNAME = DMA;
			};
			buildConfigurationList = 5FB9329715D1942C007210D5 /* Build configuration list for PBXProject "WEBPOST" */;
			compatibilityVersion = "Xcode 3.2";
			developmentRegion = English;
			hasScannedForEncodings = 0;
			knownRegions = (
				en,
			);
			mainGroup = 5FB9329215D1942C007210D5;
			productRefGroup = 5FB9329E15D1942C007210D5 /* Products */;
			projectDirPath = "";
			projectRoot = "";
			targets = (
				5FB9329C15D1942C007210D5 /* WEBPOST */,
				5FB932BD15D1942C007210D5 /* WEBPOSTTests */,
			);
		};
/* End PBXProject section */

/* Begin PBXResourcesBuildPhase section */
		5FB9329B15D1942C007210D5 /* Resources */ = {
			isa = PBXResourcesBuildPhase;
			buildActionMask = 2147483647;
			files = (
				5FB932AC15D1942C007210D5 /* InfoPlist.strings in Resources */,
				5FB932B515D1942C007210D5 /* MainStoryboard.storyboard in Resources */,
			);
			runOnlyForDeploymentPostprocessing = 0;
		};
		5FB932BB15D1942C007210D5 /* Resources */ = {
			isa = PBXResourcesBuildPhase;
			buildActionMask = 2147483647;
			files = (
				5FB932CA15D1942C007210D5 /* InfoPlist.strings in Resources */,
			);
			runOnlyForDeploymentPostprocessing = 0;
		};
/* End PBXResourcesBuildPhase section */

/* Begin PBXShellScriptBuildPhase section */
		5FB932BC15D1942C007210D5 /* ShellScript */ = {
			isa = PBXShellScriptBuildPhase;
			buildActionMask = 2147483647;
			files = (
			);
			inputPaths = (
			);
			outputPaths = (
			);
			runOnlyForDeploymentPostprocessing = 0;
			shellPath = /bin/sh;
			shellScript = "# Run the unit tests in this test bundle.\n\"${SYSTEM_DEVELOPER_DIR}/Tools/RunUnitTests\"\n";
		};
/* End PBXShellScriptBuildPhase section */

/* Begin PBXSourcesBuildPhase section */
		5FB9329915D1942C007210D5 /* Sources */ = {
			isa = PBXSourcesBuildPhase;
			buildActionMask = 2147483647;
			files = (
				5FB932AE15D1942C007210D5 /* main.m in Sources */,
				5FB932B215D1942C007210D5 /* AppDelegate.m in Sources */,
				5FB932B815D1942C007210D5 /* ViewController.m in Sources */,
			);
			runOnlyForDeploymentPostprocessing = 0;
		};
		5FB932B915D1942C007210D5 /* Sources */ = {
			isa = PBXSourcesBuildPhase;
			buildActionMask = 2147483647;
			files = (
				5FB932CD15D1942C007210D5 /* WEBPOSTTests.m in Sources */,
			);
			runOnlyForDeploymentPostprocessing = 0;
		};
/* End PBXSourcesBuildPhase section */

/* Begin PBXTargetDependency section */
		5FB932C415D1942C007210D5 /* PBXTargetDependency */ = {
			isa = PBXTargetDependency;
			target = 5FB9329C15D1942C007210D5 /* WEBPOST */;
			targetProxy = 5FB932C315D1942C007210D5 /* PBXContainerItemProxy */;
		};
/* End PBXTargetDependency section */

/* Begin PBXVariantGroup section */
		5FB932AA15D1942C007210D5 /* InfoPlist.strings */ = {
			isa = PBXVariantGroup;
			children = (
				5FB932AB15D1942C007210D5 /* en */,
			);
			name = InfoPlist.strings;
			sourceTree = "<group>";
		};
		5FB932B315D1942C007210D5 /* MainStoryboard.storyboard */ = {
			isa = PBXVariantGroup;
			children = (
				5FB932B415D1942C007210D5 /* en */,
			);
			name = MainStoryboard.storyboard;
			sourceTree = "<group>";
		};
		5FB932C815D1942C007210D5 /* InfoPlist.strings */ = {
			isa = PBXVariantGroup;
			children = (
				5FB932C915D1942C007210D5 /* en */,
			);
			name = InfoPlist.strings;
			sourceTree = "<group>";
		};
/* End PBXVariantGroup section */

/* Begin XCBuildConfiguration section */
		5FB932CE15D1942C007210D5 /* Debug */ = {
			isa = XCBuildConfiguration;
			buildSettings = {
				ALWAYS_SEARCH_USER_PATHS = NO;
				ARCHS = "$(ARCHS_STANDARD_32_BIT)";
				CLANG_CXX_LANGUAGE_STANDARD = "gnu++0x";
				CLANG_ENABLE_OBJC_ARC = YES;
				CLANG_WARN__DUPLICATE_METHOD_MATCH = YES;
				"CODE_SIGN_IDENTITY[sdk=iphoneos*]" = "iPhone Developer";
				COPY_PHASE_STRIP = NO;
				GCC_C_LANGUAGE_STANDARD = gnu99;
				GCC_DYNAMIC_NO_PIC = NO;
				GCC_OPTIMIZATION_LEVEL = 0;
				GCC_PREPROCESSOR_DEFINITIONS = (
					"DEBUG=1",
					"$(inherited)",
				);
				GCC_SYMBOLS_PRIVATE_EXTERN = NO;
				GCC_VERSION = com.apple.compilers.llvm.clang.1_0;
				GCC_WARN_ABOUT_RETURN_TYPE = YES;
				GCC_WARN_UNINITIALIZED_AUTOS = YES;
				GCC_WARN_UNUSED_VARIABLE = YES;
				IPHONEOS_DEPLOYMENT_TARGET = 5.1;
				SDKROOT = iphoneos;
			};
			name = Debug;
		};
		5FB932CF15D1942C007210D5 /* Release */ = {
			isa = XCBuildConfiguration;
			buildSettings = {
				ALWAYS_SEARCH_USER_PATHS = NO;
				ARCHS = "$(ARCHS_STANDARD_32_BIT)";
				CLANG_CXX_LANGUAGE_STANDARD = "gnu++0x";
				CLANG_ENABLE_OBJC_ARC = YES;
				CLANG_WARN__DUPLICATE_METHOD_MATCH = YES;
				"CODE_SIGN_IDENTITY[sdk=iphoneos*]" = "iPhone Developer";
				COPY_PHASE_STRIP = YES;
				GCC_C_LANGUAGE_STANDARD = gnu99;
				GCC_VERSION = com.apple.compilers.llvm.clang.1_0;
				GCC_WARN_ABOUT_RETURN_TYPE = YES;
				GCC_WARN_UNINITIALIZED_AUTOS = YES;
				GCC_WARN_UNUSED_VARIABLE = YES;
				IPHONEOS_DEPLOYMENT_TARGET = 5.1;
				OTHER_CFLAGS = "-DNS_BLOCK_ASSERTIONS=1";
				SDKROOT = iphoneos;
				VALIDATE_PRODUCT = YES;
			};
			name = Release;
		};
		5FB932D115D1942C007210D5 /* Debug */ = {
			isa = XCBuildConfiguration;
			buildSettings = {
				GCC_PRECOMPILE_PREFIX_HEADER = YES;
				GCC_PREFIX_HEADER = "WEBPOST/WEBPOST-Prefix.pch";
				INFOPLIST_FILE = "WEBPOST/WEBPOST-Info.plist";
				PRODUCT_NAME = "$(TARGET_NAME)";
				WRAPPER_EXTENSION = app;
			};
			name = Debug;
		};
		5FB932D215D1942C007210D5 /* Release */ = {
			isa = XCBuildConfiguration;
			buildSettings = {
				GCC_PRECOMPILE_PREFIX_HEADER = YES;
				GCC_PREFIX_HEADER = "WEBPOST/WEBPOST-Prefix.pch";
				INFOPLIST_FILE = "WEBPOST/WEBPOST-Info.plist";
				PRODUCT_NAME = "$(TARGET_NAME)";
				WRAPPER_EXTENSION = app;
			};
			name = Release;
		};
		5FB932D415D1942C007210D5 /* Debug */ = {
			isa = XCBuildConfiguration;
			buildSettings = {
				BUNDLE_LOADER = "$(BUILT_PRODUCTS_DIR)/WEBPOST.app/WEBPOST";
				FRAMEWORK_SEARCH_PATHS = (
					"\"$(SDKROOT)/Developer/Library/Frameworks\"",
					"\"$(DEVELOPER_LIBRARY_DIR)/Frameworks\"",
				);
				GCC_PRECOMPILE_PREFIX_HEADER = YES;
				GCC_PREFIX_HEADER = "WEBPOST/WEBPOST-Prefix.pch";
				INFOPLIST_FILE = "WEBPOSTTests/WEBPOSTTests-Info.plist";
				PRODUCT_NAME = "$(TARGET_NAME)";
				TEST_HOST = "$(BUNDLE_LOADER)";
				WRAPPER_EXTENSION = octest;
			};
			name = Debug;
		};
		5FB932D515D1942C007210D5 /* Release */ = {
			isa = XCBuildConfiguration;
			buildSettings = {
				BUNDLE_LOADER = "$(BUILT_PRODUCTS_DIR)/WEBPOST.app/WEBPOST";
				FRAMEWORK_SEARCH_PATHS = (
					"\"$(SDKROOT)/Developer/Library/Frameworks\"",
					"\"$(DEVELOPER_LIBRARY_DIR)/Frameworks\"",
				);
				GCC_PRECOMPILE_PREFIX_HEADER = YES;
				GCC_PREFIX_HEADER = "WEBPOST/WEBPOST-Prefix.pch";
				INFOPLIST_FILE = "WEBPOSTTests/WEBPOSTTests-Info.plist";
				PRODUCT_NAME = "$(TARGET_NAME)";
				TEST_HOST = "$(BUNDLE_LOADER)";
				WRAPPER_EXTENSION = octest;
			};
			name = Release;
		};
/* End XCBuildConfiguration section */

/* Begin XCConfigurationList section */
		5FB9329715D1942C007210D5 /* Build configuration list for PBXProject "WEBPOST" */ = {
			isa = XCConfigurationList;
			buildConfigurations = (
				5FB932CE15D1942C007210D5 /* Debug */,
				5FB932CF15D1942C007210D5 /* Release */,
			);
			defaultConfigurationIsVisible = 0;
			defaultConfigurationName = Release;
		};
		5FB932D015D1942C007210D5 /* Build configuration list for PBXNativeTarget "WEBPOST" */ = {
			isa = XCConfigurationList;
			buildConfigurations = (
				5FB932D115D1942C007210D5 /* Debug */,
				5FB932D215D1942C007210D5 /* Release */,
			);
			defaultConfigurationIsVisible = 0;
		};
		5FB932D315D1942C007210D5 /* Build configuration list for PBXNativeTarget "WEBPOSTTests" */ = {
			isa = XCConfigurationList;
			buildConfigurations = (
				5FB932D415D1942C007210D5 /* Debug */,
				5FB932D515D1942C007210D5 /* Release */,
			);
			defaultConfigurationIsVisible = 0;
		};
/* End XCConfigurationList section */
	};
	rootObject = 5FB9329415D1942C007210D5 /* Project object */;
}
